{
  "object": {
    "pins": [
      {
        "package": "SwiftSoup",
        "repositoryURL": "https://github.com/scinfu/SwiftSoup",
        "state": {
          "branch": null,
          "revision": "a39df82d1a8e181195bef4a2b3f898fedc3ea6d3",
          "version": "2.2.1"
        }
      }
    ]
  },
  "version": 1
}
